
Microsoft Visual Studio Solution File, Format Version 12.00
# Visual Studio Version 17
VisualStudioVersion = 17.5.002.0
MinimumVisualStudioVersion = 10.0.40219.1
Project("{9A19103F-16F7-4668-BE54-9A1E7A4F7556}") = "Salud", "Salud.csproj", "{579273DB-904C-4FEF-82D3-05BF1A829FFD}"
EndProject
Global
	GlobalSection(SolutionConfigurationPlatforms) = preSolution
		Debug|Any CPU = Debug|Any CPU
		Release|Any CPU = Release|Any CPU
	EndGlobalSection
	GlobalSection(ProjectConfigurationPlatforms) = postSolution
		{579273DB-904C-4FEF-82D3-05BF1A829FFD}.Debug|Any CPU.ActiveCfg = Debug|Any CPU
		{579273DB-904C-4FEF-82D3-05BF1A829FFD}.Debug|Any CPU.Build.0 = Debug|Any CPU
		{579273DB-904C-4FEF-82D3-05BF1A829FFD}.Release|Any CPU.ActiveCfg = Release|Any CPU
		{579273DB-904C-4FEF-82D3-05BF1A829FFD}.Release|Any CPU.Build.0 = Release|Any CPU
	EndGlobalSection
	GlobalSection(SolutionProperties) = preSolution
		HideSolutionNode = FALSE
	EndGlobalSection
	GlobalSection(ExtensibilityGlobals) = postSolution
		SolutionGuid = {8B774FA8-1905-4E62-BE80-6F96C07F7942}
	EndGlobalSection
EndGlobal
